<?xml version="1.0" encoding="utf-8"?>
<Project ToolsVersion="4.0" xmlns="http://schemas.microsoft.com/developer/msbuild/2003">
  <ItemGroup>
    <Filter Include="Core">
      <UniqueIdentifier>{2EB4837C-1AEB-840D-C3D7-6A10AFED000F}</UniqueIdentifier>
    </Filter>
    <Filter Include="Core\ResourcesProvider">
      <UniqueIdentifier>{43CB647A-2FC5-8DCC-1832-24DD04CBF338}</UniqueIdentifier>
    </Filter>
    <Filter Include="Core\Shader">
      <UniqueIdentifier>{14A4C393-8059-3C89-094E-36607502338D}</UniqueIdentifier>
    </Filter>
    <Filter Include="Core\SpriteRenderer">
      <UniqueIdentifier>{2BCAD034-972B-AE42-2099-F4F48CF9E401}</UniqueIdentifier>
    </Filter>
  </ItemGroup>
  <ItemGroup>
    <ClInclude Include="src\Core\ResourcesProvider\ResourcesProvider.h">
      <Filter>Core\ResourcesProvider</Filter>
    </ClInclude>
    <ClInclude Include="src\Core\Shader\Shader.h">
      <Filter>Core\Shader</Filter>
    </ClInclude>
    <ClInclude Include="src\Core\SpriteRenderer\SpriteRenderer.h">
      <Filter>Core\SpriteRenderer</Filter>
    </ClInclude>
    <ClInclude Include="src\stb_image.h" />
    <ClInclude Include="src\Core\Texture\Texture.h" />
  </ItemGroup>
  <ItemGroup>
    <ClCompile Include="src\Core\ResourcesProvider\ResourcesProvider.cpp">
      <Filter>Core\ResourcesProvider</Filter>
    </ClCompile>
    <ClCompile Include="src\Core\Shader\Shader.cpp">
      <Filter>Core\Shader</Filter>
    </ClCompile>
    <ClCompile Include="src\main.cpp" />
    <ClCompile Include="src\stb_image.cpp" />
    <ClCompile Include="src\Core\Texture\Texture.cpp" />
    <ClCompile Include="src\Core\SpriteRenderer\SpriteRenderer.cpp" />
  </ItemGroup>
</Project>